// !$*UTF8*$!
{
	archiveVersion = 1;
	classes = {
	};
	objectVersion = 56;
	objects = {

/* Begin PBXBuildFile section */
		0CD4776A2BCAA6400058373F /* SpotifyRecentsCell.swift in Sources */ = {isa = PBXBuildFile; fileRef = 0CD477692BCAA6400058373F /* SpotifyRecentsCell.swift */; };
		0CD4776C2BCAAB260058373F /* SpotifyNewReleaseCell.swift in Sources */ = {isa = PBXBuildFile; fileRef = 0CD4776B2BCAAB260058373F /* SpotifyNewReleaseCell.swift */; };
		0CD9D50F2BC8235D00D54223 /* SwiftUIInPracticeApp.swift in Sources */ = {isa = PBXBuildFile; fileRef = 0CD9D50E2BC8235D00D54223 /* SwiftUIInPracticeApp.swift */; };
		0CD9D5112BC8235D00D54223 /* ContentView.swift in Sources */ = {isa = PBXBuildFile; fileRef = 0CD9D5102BC8235D00D54223 /* ContentView.swift */; };
		0CD9D5132BC8235D00D54223 /* Assets.xcassets in Resources */ = {isa = PBXBuildFile; fileRef = 0CD9D5122BC8235D00D54223 /* Assets.xcassets */; };
		0CD9D5172BC8235D00D54223 /* Preview Assets.xcassets in Resources */ = {isa = PBXBuildFile; fileRef = 0CD9D5162BC8235D00D54223 /* Preview Assets.xcassets */; };
		0CD9D51F2BC823DC00D54223 /* SDWebImageSwiftUI in Frameworks */ = {isa = PBXBuildFile; productRef = 0CD9D51E2BC823DC00D54223 /* SDWebImageSwiftUI */; };
		0CD9D5222BC8241900D54223 /* ImageLoaderView.swift in Sources */ = {isa = PBXBuildFile; fileRef = 0CD9D5212BC8241900D54223 /* ImageLoaderView.swift */; };
		0CD9D5242BC8248100D54223 /* Constants.swift in Sources */ = {isa = PBXBuildFile; fileRef = 0CD9D5232BC8248100D54223 /* Constants.swift */; };
		0CD9D5262BC83EDD00D54223 /* DatabaseHelper.swift in Sources */ = {isa = PBXBuildFile; fileRef = 0CD9D5252BC83EDD00D54223 /* DatabaseHelper.swift */; };
		0CD9D5282BC840ED00D54223 /* Product.swift in Sources */ = {isa = PBXBuildFile; fileRef = 0CD9D5272BC840ED00D54223 /* Product.swift */; };
		0CD9D52A2BC8410A00D54223 /* User.swift in Sources */ = {isa = PBXBuildFile; fileRef = 0CD9D5292BC8410A00D54223 /* User.swift */; };
		0CD9D52D2BC8427400D54223 /* SwiftfulUI in Frameworks */ = {isa = PBXBuildFile; productRef = 0CD9D52C2BC8427400D54223 /* SwiftfulUI */; };
		0CD9D5302BC8428600D54223 /* SwiftfulRouting in Frameworks */ = {isa = PBXBuildFile; productRef = 0CD9D52F2BC8428600D54223 /* SwiftfulRouting */; };
		0CD9D5352BC8516600D54223 /* SpotifyHomeView.swift in Sources */ = {isa = PBXBuildFile; fileRef = 0CD9D5342BC8516600D54223 /* SpotifyHomeView.swift */; };
		0CD9D5372BC8534400D54223 /* SpotifyCategoryCell.swift in Sources */ = {isa = PBXBuildFile; fileRef = 0CD9D5362BC8534400D54223 /* SpotifyCategoryCell.swift */; };
		0CD9D53A2BC8547600D54223 /* Category.swift in Sources */ = {isa = PBXBuildFile; fileRef = 0CD9D5392BC8547600D54223 /* Category.swift */; };
		0CFCC8E52BCC0C1900F3F2AA /* ImageTitleRowCell.swift in Sources */ = {isa = PBXBuildFile; fileRef = 0CFCC8E42BCC0C1900F3F2AA /* ImageTitleRowCell.swift */; };
		0CFCC8E72BCD865900F3F2AA /* SpotifyPlaylistView.swift in Sources */ = {isa = PBXBuildFile; fileRef = 0CFCC8E62BCD865900F3F2AA /* SpotifyPlaylistView.swift */; };
		0CFCC8E92BCD868200F3F2AA /* PlaylistHeaderCell.swift in Sources */ = {isa = PBXBuildFile; fileRef = 0CFCC8E82BCD868200F3F2AA /* PlaylistHeaderCell.swift */; };
		0CFCC8EB2BCD89DF00F3F2AA /* PlaylistDescriptionCell.swift in Sources */ = {isa = PBXBuildFile; fileRef = 0CFCC8EA2BCD89DF00F3F2AA /* PlaylistDescriptionCell.swift */; };
/* End PBXBuildFile section */

/* Begin PBXFileReference section */
		0CD477692BCAA6400058373F /* SpotifyRecentsCell.swift */ = {isa = PBXFileReference; lastKnownFileType = sourcecode.swift; path = SpotifyRecentsCell.swift; sourceTree = "<group>"; };
		0CD4776B2BCAAB260058373F /* SpotifyNewReleaseCell.swift */ = {isa = PBXFileReference; lastKnownFileType = sourcecode.swift; path = SpotifyNewReleaseCell.swift; sourceTree = "<group>"; };
		0CD9D50B2BC8235D00D54223 /* SwiftUIInPractice.app */ = {isa = PBXFileReference; explicitFileType = wrapper.application; includeInIndex = 0; path = SwiftUIInPractice.app; sourceTree = BUILT_PRODUCTS_DIR; };
		0CD9D50E2BC8235D00D54223 /* SwiftUIInPracticeApp.swift */ = {isa = PBXFileReference; lastKnownFileType = sourcecode.swift; path = SwiftUIInPracticeApp.swift; sourceTree = "<group>"; };
		0CD9D5102BC8235D00D54223 /* ContentView.swift */ = {isa = PBXFileReference; lastKnownFileType = sourcecode.swift; path = ContentView.swift; sourceTree = "<group>"; };
		0CD9D5122BC8235D00D54223 /* Assets.xcassets */ = {isa = PBXFileReference; lastKnownFileType = folder.assetcatalog; path = Assets.xcassets; sourceTree = "<group>"; };
		0CD9D5142BC8235D00D54223 /* SwiftUIInPractice.entitlements */ = {isa = PBXFileReference; lastKnownFileType = text.plist.entitlements; path = SwiftUIInPractice.entitlements; sourceTree = "<group>"; };
		0CD9D5162BC8235D00D54223 /* Preview Assets.xcassets */ = {isa = PBXFileReference; lastKnownFileType = folder.assetcatalog; path = "Preview Assets.xcassets"; sourceTree = "<group>"; };
		0CD9D5212BC8241900D54223 /* ImageLoaderView.swift */ = {isa = PBXFileReference; lastKnownFileType = sourcecode.swift; path = ImageLoaderView.swift; sourceTree = "<group>"; };
		0CD9D5232BC8248100D54223 /* Constants.swift */ = {isa = PBXFileReference; lastKnownFileType = sourcecode.swift; path = Constants.swift; sourceTree = "<group>"; };
		0CD9D5252BC83EDD00D54223 /* DatabaseHelper.swift */ = {isa = PBXFileReference; lastKnownFileType = sourcecode.swift; path = DatabaseHelper.swift; sourceTree = "<group>"; };
		0CD9D5272BC840ED00D54223 /* Product.swift */ = {isa = PBXFileReference; lastKnownFileType = sourcecode.swift; path = Product.swift; sourceTree = "<group>"; };
		0CD9D5292BC8410A00D54223 /* User.swift */ = {isa = PBXFileReference; lastKnownFileType = sourcecode.swift; path = User.swift; sourceTree = "<group>"; };
		0CD9D5342BC8516600D54223 /* SpotifyHomeView.swift */ = {isa = PBXFileReference; lastKnownFileType = sourcecode.swift; path = SpotifyHomeView.swift; sourceTree = "<group>"; };
		0CD9D5362BC8534400D54223 /* SpotifyCategoryCell.swift */ = {isa = PBXFileReference; lastKnownFileType = sourcecode.swift; path = SpotifyCategoryCell.swift; sourceTree = "<group>"; };
		0CD9D5392BC8547600D54223 /* Category.swift */ = {isa = PBXFileReference; lastKnownFileType = sourcecode.swift; path = Category.swift; sourceTree = "<group>"; };
		0CFCC8E42BCC0C1900F3F2AA /* ImageTitleRowCell.swift */ = {isa = PBXFileReference; lastKnownFileType = sourcecode.swift; path = ImageTitleRowCell.swift; sourceTree = "<group>"; };
		0CFCC8E62BCD865900F3F2AA /* SpotifyPlaylistView.swift */ = {isa = PBXFileReference; lastKnownFileType = sourcecode.swift; path = SpotifyPlaylistView.swift; sourceTree = "<group>"; };
		0CFCC8E82BCD868200F3F2AA /* PlaylistHeaderCell.swift */ = {isa = PBXFileReference; lastKnownFileType = sourcecode.swift; path = PlaylistHeaderCell.swift; sourceTree = "<group>"; };
		0CFCC8EA2BCD89DF00F3F2AA /* PlaylistDescriptionCell.swift */ = {isa = PBXFileReference; lastKnownFileType = sourcecode.swift; path = PlaylistDescriptionCell.swift; sourceTree = "<group>"; };
/* End PBXFileReference section */

/* Begin PBXFrameworksBuildPhase section */
		0CD9D5082BC8235C00D54223 /* Frameworks */ = {
			isa = PBXFrameworksBuildPhase;
			buildActionMask = 2147483647;
			files = (
				0CD9D52D2BC8427400D54223 /* SwiftfulUI in Frameworks */,
				0CD9D5302BC8428600D54223 /* SwiftfulRouting in Frameworks */,
				0CD9D51F2BC823DC00D54223 /* SDWebImageSwiftUI in Frameworks */,
			);
			runOnlyForDeploymentPostprocessing = 0;
		};
/* End PBXFrameworksBuildPhase section */

/* Begin PBXGroup section */
		0CD9D5022BC8235C00D54223 = {
			isa = PBXGroup;
			children = (
				0CD9D50D2BC8235D00D54223 /* SwiftUIInPractice */,
				0CD9D50C2BC8235D00D54223 /* Products */,
			);
			sourceTree = "<group>";
		};
		0CD9D50C2BC8235D00D54223 /* Products */ = {
			isa = PBXGroup;
			children = (
				0CD9D50B2BC8235D00D54223 /* SwiftUIInPractice.app */,
			);
			name = Products;
			sourceTree = "<group>";
		};
		0CD9D50D2BC8235D00D54223 /* SwiftUIInPractice */ = {
			isa = PBXGroup;
			children = (
				0CD9D5312BC8514600D54223 /* Spotify */,
				0CD9D5202BC823F600D54223 /* Shared */,
				0CD9D50E2BC8235D00D54223 /* SwiftUIInPracticeApp.swift */,
				0CD9D5102BC8235D00D54223 /* ContentView.swift */,
				0CD9D5122BC8235D00D54223 /* Assets.xcassets */,
				0CD9D5142BC8235D00D54223 /* SwiftUIInPractice.entitlements */,
				0CD9D5152BC8235D00D54223 /* Preview Content */,
			);
			path = SwiftUIInPractice;
			sourceTree = "<group>";
		};
		0CD9D5152BC8235D00D54223 /* Preview Content */ = {
			isa = PBXGroup;
			children = (
				0CD9D5162BC8235D00D54223 /* Preview Assets.xcassets */,
			);
			path = "Preview Content";
			sourceTree = "<group>";
		};
		0CD9D5202BC823F600D54223 /* Shared */ = {
			isa = PBXGroup;
			children = (
				0CD9D5212BC8241900D54223 /* ImageLoaderView.swift */,
				0CD9D5232BC8248100D54223 /* Constants.swift */,
				0CD9D5252BC83EDD00D54223 /* DatabaseHelper.swift */,
				0CD9D5272BC840ED00D54223 /* Product.swift */,
				0CD9D5292BC8410A00D54223 /* User.swift */,
			);
			path = Shared;
			sourceTree = "<group>";
		};
		0CD9D5312BC8514600D54223 /* Spotify */ = {
			isa = PBXGroup;
			children = (
				0CD9D5382BC8546C00D54223 /* Models */,
				0CD9D5332BC8515400D54223 /* Components */,
				0CD9D5322BC8514D00D54223 /* Core */,
			);
			path = Spotify;
			sourceTree = "<group>";
		};
		0CD9D5322BC8514D00D54223 /* Core */ = {
			isa = PBXGroup;
			children = (
				0CD9D5342BC8516600D54223 /* SpotifyHomeView.swift */,
				0CFCC8E62BCD865900F3F2AA /* SpotifyPlaylistView.swift */,
			);
			path = Core;
			sourceTree = "<group>";
		};
		0CD9D5332BC8515400D54223 /* Components */ = {
			isa = PBXGroup;
			children = (
				0CD9D5362BC8534400D54223 /* SpotifyCategoryCell.swift */,
				0CD477692BCAA6400058373F /* SpotifyRecentsCell.swift */,
				0CD4776B2BCAAB260058373F /* SpotifyNewReleaseCell.swift */,
				0CFCC8E42BCC0C1900F3F2AA /* ImageTitleRowCell.swift */,
				0CFCC8E82BCD868200F3F2AA /* PlaylistHeaderCell.swift */,
				0CFCC8EA2BCD89DF00F3F2AA /* PlaylistDescriptionCell.swift */,
			);
			path = Components;
			sourceTree = "<group>";
		};
		0CD9D5382BC8546C00D54223 /* Models */ = {
			isa = PBXGroup;
			children = (
				0CD9D5392BC8547600D54223 /* Category.swift */,
			);
			path = Models;
			sourceTree = "<group>";
		};
/* End PBXGroup section */

/* Begin PBXNativeTarget section */
		0CD9D50A2BC8235C00D54223 /* SwiftUIInPractice */ = {
			isa = PBXNativeTarget;
			buildConfigurationList = 0CD9D51A2BC8235D00D54223 /* Build configuration list for PBXNativeTarget "SwiftUIInPractice" */;
			buildPhases = (
				0CD9D5072BC8235C00D54223 /* Sources */,
				0CD9D5082BC8235C00D54223 /* Frameworks */,
				0CD9D5092BC8235C00D54223 /* Resources */,
			);
			buildRules = (
			);
			dependencies = (
			);
			name = SwiftUIInPractice;
			packageProductDependencies = (
				0CD9D51E2BC823DC00D54223 /* SDWebImageSwiftUI */,
				0CD9D52C2BC8427400D54223 /* SwiftfulUI */,
				0CD9D52F2BC8428600D54223 /* SwiftfulRouting */,
			);
			productName = SwiftUIInPractice;
			productReference = 0CD9D50B2BC8235D00D54223 /* SwiftUIInPractice.app */;
			productType = "com.apple.product-type.application";
		};
/* End PBXNativeTarget section */

/* Begin PBXProject section */
		0CD9D5032BC8235C00D54223 /* Project object */ = {
			isa = PBXProject;
			attributes = {
				BuildIndependentTargetsInParallel = 1;
				LastSwiftUpdateCheck = 1510;
				LastUpgradeCheck = 1510;
				TargetAttributes = {
					0CD9D50A2BC8235C00D54223 = {
						CreatedOnToolsVersion = 15.1;
					};
				};
			};
			buildConfigurationList = 0CD9D5062BC8235C00D54223 /* Build configuration list for PBXProject "SwiftUIInPractice" */;
			compatibilityVersion = "Xcode 14.0";
			developmentRegion = en;
			hasScannedForEncodings = 0;
			knownRegions = (
				en,
				Base,
			);
			mainGroup = 0CD9D5022BC8235C00D54223;
			packageReferences = (
				0CD9D51D2BC823DC00D54223 /* XCRemoteSwiftPackageReference "SDWebImageSwiftUI" */,
				0CD9D52B2BC8427400D54223 /* XCRemoteSwiftPackageReference "SwiftfulUI" */,
				0CD9D52E2BC8428600D54223 /* XCRemoteSwiftPackageReference "SwiftfulRouting" */,
			);
			productRefGroup = 0CD9D50C2BC8235D00D54223 /* Products */;
			projectDirPath = "";
			projectRoot = "";
			targets = (
				0CD9D50A2BC8235C00D54223 /* SwiftUIInPractice */,
			);
		};
/* End PBXProject section */

/* Begin PBXResourcesBuildPhase section */
		0CD9D5092BC8235C00D54223 /* Resources */ = {
			isa = PBXResourcesBuildPhase;
			buildActionMask = 2147483647;
			files = (
				0CD9D5172BC8235D00D54223 /* Preview Assets.xcassets in Resources */,
				0CD9D5132BC8235D00D54223 /* Assets.xcassets in Resources */,
			);
			runOnlyForDeploymentPostprocessing = 0;
		};
/* End PBXResourcesBuildPhase section */

/* Begin PBXSourcesBuildPhase section */
		0CD9D5072BC8235C00D54223 /* Sources */ = {
			isa = PBXSourcesBuildPhase;
			buildActionMask = 2147483647;
			files = (
				0CD9D5222BC8241900D54223 /* ImageLoaderView.swift in Sources */,
				0CFCC8EB2BCD89DF00F3F2AA /* PlaylistDescriptionCell.swift in Sources */,
				0CD9D53A2BC8547600D54223 /* Category.swift in Sources */,
				0CD9D5372BC8534400D54223 /* SpotifyCategoryCell.swift in Sources */,
				0CD4776C2BCAAB260058373F /* SpotifyNewReleaseCell.swift in Sources */,
				0CFCC8E92BCD868200F3F2AA /* PlaylistHeaderCell.swift in Sources */,
				0CD9D5262BC83EDD00D54223 /* DatabaseHelper.swift in Sources */,
				0CD9D5352BC8516600D54223 /* SpotifyHomeView.swift in Sources */,
				0CFCC8E52BCC0C1900F3F2AA /* ImageTitleRowCell.swift in Sources */,
				0CFCC8E72BCD865900F3F2AA /* SpotifyPlaylistView.swift in Sources */,
				0CD9D5112BC8235D00D54223 /* ContentView.swift in Sources */,
				0CD9D50F2BC8235D00D54223 /* SwiftUIInPracticeApp.swift in Sources */,
				0CD9D5242BC8248100D54223 /* Constants.swift in Sources */,
				0CD4776A2BCAA6400058373F /* SpotifyRecentsCell.swift in Sources */,
				0CD9D5282BC840ED00D54223 /* Product.swift in Sources */,
				0CD9D52A2BC8410A00D54223 /* User.swift in Sources */,
			);
			runOnlyForDeploymentPostprocessing = 0;
		};
/* End PBXSourcesBuildPhase section */

/* Begin XCBuildConfiguration section */
		0CD9D5182BC8235D00D54223 /* Debug */ = {
			isa = XCBuildConfiguration;
			buildSettings = {
				ALWAYS_SEARCH_USER_PATHS = NO;
				ASSETCATALOG_COMPILER_GENERATE_SWIFT_ASSET_SYMBOL_EXTENSIONS = YES;
				CLANG_ANALYZER_NONNULL = YES;
				CLANG_ANALYZER_NUMBER_OBJECT_CONVERSION = YES_AGGRESSIVE;
				CLANG_CXX_LANGUAGE_STANDARD = "gnu++20";
				CLANG_ENABLE_MODULES = YES;
				CLANG_ENABLE_OBJC_ARC = YES;
				CLANG_ENABLE_OBJC_WEAK = YES;
				CLANG_WARN_BLOCK_CAPTURE_AUTORELEASING = YES;
				CLANG_WARN_BOOL_CONVERSION = YES;
				CLANG_WARN_COMMA = YES;
				CLANG_WARN_CONSTANT_CONVERSION = YES;
				CLANG_WARN_DEPRECATED_OBJC_IMPLEMENTATIONS = YES;
				CLANG_WARN_DIRECT_OBJC_ISA_USAGE = YES_ERROR;
				CLANG_WARN_DOCUMENTATION_COMMENTS = YES;
				CLANG_WARN_EMPTY_BODY = YES;
				CLANG_WARN_ENUM_CONVERSION = YES;
				CLANG_WARN_INFINITE_RECURSION = YES;
				CLANG_WARN_INT_CONVERSION = YES;
				CLANG_WARN_NON_LITERAL_NULL_CONVERSION = YES;
				CLANG_WARN_OBJC_IMPLICIT_RETAIN_SELF = YES;
				CLANG_WARN_OBJC_LITERAL_CONVERSION = YES;
				CLANG_WARN_OBJC_ROOT_CLASS = YES_ERROR;
				CLANG_WARN_QUOTED_INCLUDE_IN_FRAMEWORK_HEADER = YES;
				CLANG_WARN_RANGE_LOOP_ANALYSIS = YES;
				CLANG_WARN_STRICT_PROTOTYPES = YES;
				CLANG_WARN_SUSPICIOUS_MOVE = YES;
				CLANG_WARN_UNGUARDED_AVAILABILITY = YES_AGGRESSIVE;
				CLANG_WARN_UNREACHABLE_CODE = YES;
				CLANG_WARN__DUPLICATE_METHOD_MATCH = YES;
				COPY_PHASE_STRIP = NO;
				DEBUG_INFORMATION_FORMAT = dwarf;
				ENABLE_STRICT_OBJC_MSGSEND = YES;
				ENABLE_TESTABILITY = YES;
				ENABLE_USER_SCRIPT_SANDBOXING = YES;
				GCC_C_LANGUAGE_STANDARD = gnu17;
				GCC_DYNAMIC_NO_PIC = NO;
				GCC_NO_COMMON_BLOCKS = YES;
				GCC_OPTIMIZATION_LEVEL = 0;
				GCC_PREPROCESSOR_DEFINITIONS = (
					"DEBUG=1",
					"$(inherited)",
				);
				GCC_WARN_64_TO_32_BIT_CONVERSION = YES;
				GCC_WARN_ABOUT_RETURN_TYPE = YES_ERROR;
				GCC_WARN_UNDECLARED_SELECTOR = YES;
				GCC_WARN_UNINITIALIZED_AUTOS = YES_AGGRESSIVE;
				GCC_WARN_UNUSED_FUNCTION = YES;
				GCC_WARN_UNUSED_VARIABLE = YES;
				LOCALIZATION_PREFERS_STRING_CATALOGS = YES;
				MTL_ENABLE_DEBUG_INFO = INCLUDE_SOURCE;
				MTL_FAST_MATH = YES;
				ONLY_ACTIVE_ARCH = YES;
				SWIFT_ACTIVE_COMPILATION_CONDITIONS = "DEBUG $(inherited)";
				SWIFT_OPTIMIZATION_LEVEL = "-Onone";
			};
			name = Debug;
		};
		0CD9D5192BC8235D00D54223 /* Release */ = {
			isa = XCBuildConfiguration;
			buildSettings = {
				ALWAYS_SEARCH_USER_PATHS = NO;
				ASSETCATALOG_COMPILER_GENERATE_SWIFT_ASSET_SYMBOL_EXTENSIONS = YES;
				CLANG_ANALYZER_NONNULL = YES;
				CLANG_ANALYZER_NUMBER_OBJECT_CONVERSION = YES_AGGRESSIVE;
				CLANG_CXX_LANGUAGE_STANDARD = "gnu++20";
				CLANG_ENABLE_MODULES = YES;
				CLANG_ENABLE_OBJC_ARC = YES;
				CLANG_ENABLE_OBJC_WEAK = YES;
				CLANG_WARN_BLOCK_CAPTURE_AUTORELEASING = YES;
				CLANG_WARN_BOOL_CONVERSION = YES;
				CLANG_WARN_COMMA = YES;
				CLANG_WARN_CONSTANT_CONVERSION = YES;
				CLANG_WARN_DEPRECATED_OBJC_IMPLEMENTATIONS = YES;
				CLANG_WARN_DIRECT_OBJC_ISA_USAGE = YES_ERROR;
				CLANG_WARN_DOCUMENTATION_COMMENTS = YES;
				CLANG_WARN_EMPTY_BODY = YES;
				CLANG_WARN_ENUM_CONVERSION = YES;
				CLANG_WARN_INFINITE_RECURSION = YES;
				CLANG_WARN_INT_CONVERSION = YES;
				CLANG_WARN_NON_LITERAL_NULL_CONVERSION = YES;
				CLANG_WARN_OBJC_IMPLICIT_RETAIN_SELF = YES;
				CLANG_WARN_OBJC_LITERAL_CONVERSION = YES;
				CLANG_WARN_OBJC_ROOT_CLASS = YES_ERROR;
				CLANG_WARN_QUOTED_INCLUDE_IN_FRAMEWORK_HEADER = YES;
				CLANG_WARN_RANGE_LOOP_ANALYSIS = YES;
				CLANG_WARN_STRICT_PROTOTYPES = YES;
				CLANG_WARN_SUSPICIOUS_MOVE = YES;
				CLANG_WARN_UNGUARDED_AVAILABILITY = YES_AGGRESSIVE;
				CLANG_WARN_UNREACHABLE_CODE = YES;
				CLANG_WARN__DUPLICATE_METHOD_MATCH = YES;
				COPY_PHASE_STRIP = NO;
				DEBUG_INFORMATION_FORMAT = "dwarf-with-dsym";
				ENABLE_NS_ASSERTIONS = NO;
				ENABLE_STRICT_OBJC_MSGSEND = YES;
				ENABLE_USER_SCRIPT_SANDBOXING = YES;
				GCC_C_LANGUAGE_STANDARD = gnu17;
				GCC_NO_COMMON_BLOCKS = YES;
				GCC_WARN_64_TO_32_BIT_CONVERSION = YES;
				GCC_WARN_ABOUT_RETURN_TYPE = YES_ERROR;
				GCC_WARN_UNDECLARED_SELECTOR = YES;
				GCC_WARN_UNINITIALIZED_AUTOS = YES_AGGRESSIVE;
				GCC_WARN_UNUSED_FUNCTION = YES;
				GCC_WARN_UNUSED_VARIABLE = YES;
				LOCALIZATION_PREFERS_STRING_CATALOGS = YES;
				MTL_ENABLE_DEBUG_INFO = NO;
				MTL_FAST_MATH = YES;
				SWIFT_COMPILATION_MODE = wholemodule;
			};
			name = Release;
		};
		0CD9D51B2BC8235D00D54223 /* Debug */ = {
			isa = XCBuildConfiguration;
			buildSettings = {
				ASSETCATALOG_COMPILER_APPICON_NAME = AppIcon;
				ASSETCATALOG_COMPILER_GLOBAL_ACCENT_COLOR_NAME = AccentColor;
				CODE_SIGN_ENTITLEMENTS = SwiftUIInPractice/SwiftUIInPractice.entitlements;
				CODE_SIGN_STYLE = Automatic;
				CURRENT_PROJECT_VERSION = 1;
				DEVELOPMENT_ASSET_PATHS = "\"SwiftUIInPractice/Preview Content\"";
				DEVELOPMENT_TEAM = KL4438S7G9;
				ENABLE_HARDENED_RUNTIME = YES;
				ENABLE_PREVIEWS = YES;
				GENERATE_INFOPLIST_FILE = YES;
				"INFOPLIST_KEY_UIApplicationSceneManifest_Generation[sdk=iphoneos*]" = YES;
				"INFOPLIST_KEY_UIApplicationSceneManifest_Generation[sdk=iphonesimulator*]" = YES;
				"INFOPLIST_KEY_UIApplicationSupportsIndirectInputEvents[sdk=iphoneos*]" = YES;
				"INFOPLIST_KEY_UIApplicationSupportsIndirectInputEvents[sdk=iphonesimulator*]" = YES;
				"INFOPLIST_KEY_UILaunchScreen_Generation[sdk=iphoneos*]" = YES;
				"INFOPLIST_KEY_UILaunchScreen_Generation[sdk=iphonesimulator*]" = YES;
				"INFOPLIST_KEY_UIStatusBarStyle[sdk=iphoneos*]" = UIStatusBarStyleDefault;
				"INFOPLIST_KEY_UIStatusBarStyle[sdk=iphonesimulator*]" = UIStatusBarStyleDefault;
				INFOPLIST_KEY_UISupportedInterfaceOrientations_iPad = "UIInterfaceOrientationPortrait UIInterfaceOrientationPortraitUpsideDown UIInterfaceOrientationLandscapeLeft UIInterfaceOrientationLandscapeRight";
				INFOPLIST_KEY_UISupportedInterfaceOrientations_iPhone = "UIInterfaceOrientationPortrait UIInterfaceOrientationLandscapeLeft UIInterfaceOrientationLandscapeRight";
				IPHONEOS_DEPLOYMENT_TARGET = 17.2;
				LD_RUNPATH_SEARCH_PATHS = "@executable_path/Frameworks";
				"LD_RUNPATH_SEARCH_PATHS[sdk=macosx*]" = "@executable_path/../Frameworks";
				MACOSX_DEPLOYMENT_TARGET = 14.2;
				MARKETING_VERSION = 1.0;
				PRODUCT_BUNDLE_IDENTIFIER = com.team76.SwiftUIInPractice;
				PRODUCT_NAME = "$(TARGET_NAME)";
				SDKROOT = auto;
				SUPPORTED_PLATFORMS = "iphoneos iphonesimulator macosx";
				SWIFT_EMIT_LOC_STRINGS = YES;
				SWIFT_VERSION = 5.0;
				TARGETED_DEVICE_FAMILY = "1,2";
			};
			name = Debug;
		};
		0CD9D51C2BC8235D00D54223 /* Release */ = {
			isa = XCBuildConfiguration;
			buildSettings = {
				ASSETCATALOG_COMPILER_APPICON_NAME = AppIcon;
				ASSETCATALOG_COMPILER_GLOBAL_ACCENT_COLOR_NAME = AccentColor;
				CODE_SIGN_ENTITLEMENTS = SwiftUIInPractice/SwiftUIInPractice.entitlements;
				CODE_SIGN_STYLE = Automatic;
				CURRENT_PROJECT_VERSION = 1;
				DEVELOPMENT_ASSET_PATHS = "\"SwiftUIInPractice/Preview Content\"";
				DEVELOPMENT_TEAM = KL4438S7G9;
				ENABLE_HARDENED_RUNTIME = YES;
				ENABLE_PREVIEWS = YES;
				GENERATE_INFOPLIST_FILE = YES;
				"INFOPLIST_KEY_UIApplicationSceneManifest_Generation[sdk=iphoneos*]" = YES;
				"INFOPLIST_KEY_UIApplicationSceneManifest_Generation[sdk=iphonesimulator*]" = YES;
				"INFOPLIST_KEY_UIApplicationSupportsIndirectInputEvents[sdk=iphoneos*]" = YES;
				"INFOPLIST_KEY_UIApplicationSupportsIndirectInputEvents[sdk=iphonesimulator*]" = YES;
				"INFOPLIST_KEY_UILaunchScreen_Generation[sdk=iphoneos*]" = YES;
				"INFOPLIST_KEY_UILaunchScreen_Generation[sdk=iphonesimulator*]" = YES;
				"INFOPLIST_KEY_UIStatusBarStyle[sdk=iphoneos*]" = UIStatusBarStyleDefault;
				"INFOPLIST_KEY_UIStatusBarStyle[sdk=iphonesimulator*]" = UIStatusBarStyleDefault;
				INFOPLIST_KEY_UISupportedInterfaceOrientations_iPad = "UIInterfaceOrientationPortrait UIInterfaceOrientationPortraitUpsideDown UIInterfaceOrientationLandscapeLeft UIInterfaceOrientationLandscapeRight";
				INFOPLIST_KEY_UISupportedInterfaceOrientations_iPhone = "UIInterfaceOrientationPortrait UIInterfaceOrientationLandscapeLeft UIInterfaceOrientationLandscapeRight";
				IPHONEOS_DEPLOYMENT_TARGET = 17.2;
				LD_RUNPATH_SEARCH_PATHS = "@executable_path/Frameworks";
				"LD_RUNPATH_SEARCH_PATHS[sdk=macosx*]" = "@executable_path/../Frameworks";
				MACOSX_DEPLOYMENT_TARGET = 14.2;
				MARKETING_VERSION = 1.0;
				PRODUCT_BUNDLE_IDENTIFIER = com.team76.SwiftUIInPractice;
				PRODUCT_NAME = "$(TARGET_NAME)";
				SDKROOT = auto;
				SUPPORTED_PLATFORMS = "iphoneos iphonesimulator macosx";
				SWIFT_EMIT_LOC_STRINGS = YES;
				SWIFT_VERSION = 5.0;
				TARGETED_DEVICE_FAMILY = "1,2";
			};
			name = Release;
		};
/* End XCBuildConfiguration section */

/* Begin XCConfigurationList section */
		0CD9D5062BC8235C00D54223 /* Build configuration list for PBXProject "SwiftUIInPractice" */ = {
			isa = XCConfigurationList;
			buildConfigurations = (
				0CD9D5182BC8235D00D54223 /* Debug */,
				0CD9D5192BC8235D00D54223 /* Release */,
			);
			defaultConfigurationIsVisible = 0;
			defaultConfigurationName = Release;
		};
		0CD9D51A2BC8235D00D54223 /* Build configuration list for PBXNativeTarget "SwiftUIInPractice" */ = {
			isa = XCConfigurationList;
			buildConfigurations = (
				0CD9D51B2BC8235D00D54223 /* Debug */,
				0CD9D51C2BC8235D00D54223 /* Release */,
			);
			defaultConfigurationIsVisible = 0;
			defaultConfigurationName = Release;
		};
/* End XCConfigurationList section */

/* Begin XCRemoteSwiftPackageReference section */
		0CD9D51D2BC823DC00D54223 /* XCRemoteSwiftPackageReference "SDWebImageSwiftUI" */ = {
			isa = XCRemoteSwiftPackageReference;
			repositoryURL = "https://github.com/SDWebImage/SDWebImageSwiftUI.git";
			requirement = {
				kind = upToNextMajorVersion;
				minimumVersion = 3.0.2;
			};
		};
		0CD9D52B2BC8427400D54223 /* XCRemoteSwiftPackageReference "SwiftfulUI" */ = {
			isa = XCRemoteSwiftPackageReference;
			repositoryURL = "https://github.com/SwiftfulThinking/SwiftfulUI.git";
			requirement = {
				kind = upToNextMajorVersion;
				minimumVersion = 1.2.0;
			};
		};
		0CD9D52E2BC8428600D54223 /* XCRemoteSwiftPackageReference "SwiftfulRouting" */ = {
			isa = XCRemoteSwiftPackageReference;
			repositoryURL = "https://github.com/SwiftfulThinking/SwiftfulRouting.git";
			requirement = {
				kind = upToNextMajorVersion;
				minimumVersion = 5.3.2;
			};
		};
/* End XCRemoteSwiftPackageReference section */

/* Begin XCSwiftPackageProductDependency section */
		0CD9D51E2BC823DC00D54223 /* SDWebImageSwiftUI */ = {
			isa = XCSwiftPackageProductDependency;
			package = 0CD9D51D2BC823DC00D54223 /* XCRemoteSwiftPackageReference "SDWebImageSwiftUI" */;
			productName = SDWebImageSwiftUI;
		};
		0CD9D52C2BC8427400D54223 /* SwiftfulUI */ = {
			isa = XCSwiftPackageProductDependency;
			package = 0CD9D52B2BC8427400D54223 /* XCRemoteSwiftPackageReference "SwiftfulUI" */;
			productName = SwiftfulUI;
		};
		0CD9D52F2BC8428600D54223 /* SwiftfulRouting */ = {
			isa = XCSwiftPackageProductDependency;
			package = 0CD9D52E2BC8428600D54223 /* XCRemoteSwiftPackageReference "SwiftfulRouting" */;
			productName = SwiftfulRouting;
		};
/* End XCSwiftPackageProductDependency section */
	};
	rootObject = 0CD9D5032BC8235C00D54223 /* Project object */;
}
